
Microsoft Visual Studio Solution File, Format Version 12.00
# Visual Studio Version 17
VisualStudioVersion = 17.14.37203.1 d17.14
MinimumVisualStudioVersion = 10.0.40219.1
Project("{FAE04EC0-301F-11D3-BF4B-00C04F79EFBC}") = "Example", "Example\Example.csproj", "{77726B93-A311-4D21-A2DE-1FCB3A27F609}"
EndProject
Global
	GlobalSection(SolutionConfigurationPlatforms) = preSolution
		Debug|Any CPU = Debug|Any CPU
		Release|Any CPU = Release|Any CPU
	EndGlobalSection
	GlobalSection(ProjectConfigurationPlatforms) = postSolution
		{77726B93-A311-4D21-A2DE-1FCB3A27F609}.Debug|Any CPU.ActiveCfg = Debug|Any CPU
		{77726B93-A311-4D21-A2DE-1FCB3A27F609}.Debug|Any CPU.Build.0 = Debug|Any CPU
		{77726B93-A311-4D21-A2DE-1FCB3A27F609}.Release|Any CPU.ActiveCfg = Release|Any CPU
		{77726B93-A311-4D21-A2DE-1FCB3A27F609}.Release|Any CPU.Build.0 = Release|Any CPU
	EndGlobalSection
	GlobalSection(SolutionProperties) = preSolution
		HideSolutionNode = FALSE
	EndGlobalSection
	GlobalSection(ExtensibilityGlobals) = postSolution
		SolutionGuid = {911BC9E6-417F-4E01-9476-9C9CBD66A74D}
	EndGlobalSection
EndGlobal
